<?xml version="1.0" encoding="utf-8"?>
<Project ToolsVersion="4.0" xmlns="http://schemas.microsoft.com/developer/msbuild/2003">
  <ItemGroup>
    <Filter Include="PeanutButter">
      <UniqueIdentifier>{0817B255-F479-41FA-9DFF-79B089410D7D}</UniqueIdentifier>
    </Filter>
    <Filter Include="PeanutButter\Entity">
      <UniqueIdentifier>{54EA8DD0-C04B-6BDE-49B9-B190B519A29D}</UniqueIdentifier>
    </Filter>
    <Filter Include="PeanutButter\Entity\Component">
      <UniqueIdentifier>{B6BBD7A3-22D4-BECD-EB80-4E6757585367}</UniqueIdentifier>
    </Filter>
    <Filter Include="PeanutButter\Math">
      <UniqueIdentifier>{E120C071-4D37-BE07-96AE-492902048F8F}</UniqueIdentifier>
    </Filter>
    <Filter Include="PeanutButter\Utils">
      <UniqueIdentifier>{683E5FAA-5422-2000-BD82-1A53A9850A82}</UniqueIdentifier>
    </Filter>
  </ItemGroup>
  <ItemGroup>
    <ClInclude Include="src\PeanutButter.h" />
    <ClInclude Include="src\PeanutButter\Application.h">
      <Filter>PeanutButter</Filter>
    </ClInclude>
    <ClInclude Include="src\PeanutButter\Core.h">
      <Filter>PeanutButter</Filter>
    </ClInclude>
    <ClInclude Include="src\PeanutButter\Entity\Component\Component.h">
      <Filter>PeanutButter\Entity\Component</Filter>
    </ClInclude>
    <ClInclude Include="src\PeanutButter\Entity\Component\Sprite.h">
      <Filter>PeanutButter\Entity\Component</Filter>
    </ClInclude>
    <ClInclude Include="src\PeanutButter\Entity\Component\Transform.h">
      <Filter>PeanutButter\Entity\Component</Filter>
    </ClInclude>
    <ClInclude Include="src\PeanutButter\Entity\Entity.h">
      <Filter>PeanutButter\Entity</Filter>
    </ClInclude>
    <ClInclude Include="src\PeanutButter\Entity\EntityManager.h">
      <Filter>PeanutButter\Entity</Filter>
    </ClInclude>
    <ClInclude Include="src\PeanutButter\EntryPoint.h">
      <Filter>PeanutButter</Filter>
    </ClInclude>
    <ClInclude Include="src\PeanutButter\Log.h">
      <Filter>PeanutButter</Filter>
    </ClInclude>
    <ClInclude Include="src\PeanutButter\Math\Math.h">
      <Filter>PeanutButter\Math</Filter>
    </ClInclude>
    <ClInclude Include="src\PeanutButter\Math\Vector2.h">
      <Filter>PeanutButter\Math</Filter>
    </ClInclude>
    <ClInclude Include="src\PeanutButter\Utils\AssetManager.h">
      <Filter>PeanutButter\Utils</Filter>
    </ClInclude>
    <ClInclude Include="src\PeanutButter\Utils\TextureManager.h">
      <Filter>PeanutButter\Utils</Filter>
    </ClInclude>
    <ClInclude Include="src\pbpch.h" />
    <ClInclude Include="src\PeanutButter\Utils\Animation.h" />
  </ItemGroup>
  <ItemGroup>
    <ClCompile Include="src\PeanutButter\Application.cpp">
      <Filter>PeanutButter</Filter>
    </ClCompile>
    <ClCompile Include="src\PeanutButter\Entity\Entity.cpp">
      <Filter>PeanutButter\Entity</Filter>
    </ClCompile>
    <ClCompile Include="src\PeanutButter\Entity\EntityManager.cpp">
      <Filter>PeanutButter\Entity</Filter>
    </ClCompile>
    <ClCompile Include="src\PeanutButter\Log.cpp">
      <Filter>PeanutButter</Filter>
    </ClCompile>
    <ClCompile Include="src\PeanutButter\Utils\AssetManager.cpp">
      <Filter>PeanutButter\Utils</Filter>
    </ClCompile>
    <ClCompile Include="src\PeanutButter\Utils\TextureManager.cpp">
      <Filter>PeanutButter\Utils</Filter>
    </ClCompile>
    <ClCompile Include="src\pbpch.cpp" />
  </ItemGroup>
</Project>