<?xml version="1.0" encoding="utf-8"?>
<Project ToolsVersion="4.0" xmlns="http://schemas.microsoft.com/developer/msbuild/2003">
  <ItemGroup>
    <Filter Include="PeanutButter">
      <UniqueIdentifier>{0817B255-F479-41FA-9DFF-79B089410D7D}</UniqueIdentifier>
    </Filter>
    <Filter Include="PeanutButter\Events">
      <UniqueIdentifier>{EC8916D1-58EB-F3DE-E158-3A914DB92A9E}</UniqueIdentifier>
    </Filter>
  </ItemGroup>
  <ItemGroup>
    <ClInclude Include="src\PeanutButter.h" />
    <ClInclude Include="src\PeanutButter\Application.h">
      <Filter>PeanutButter</Filter>
    </ClInclude>
    <ClInclude Include="src\PeanutButter\Core.h">
      <Filter>PeanutButter</Filter>
    </ClInclude>
    <ClInclude Include="src\PeanutButter\EntryPoint.h">
      <Filter>PeanutButter</Filter>
    </ClInclude>
    <ClInclude Include="src\PeanutButter\Events\ApplicationEvents.h">
      <Filter>PeanutButter\Events</Filter>
    </ClInclude>
    <ClInclude Include="src\PeanutButter\Events\Event.h">
      <Filter>PeanutButter\Events</Filter>
    </ClInclude>
    <ClInclude Include="src\PeanutButter\Events\KeyEvents.h">
      <Filter>PeanutButter\Events</Filter>
    </ClInclude>
    <ClInclude Include="src\PeanutButter\Events\MouseEvents.h">
      <Filter>PeanutButter\Events</Filter>
    </ClInclude>
    <ClInclude Include="src\PeanutButter\Log.h">
      <Filter>PeanutButter</Filter>
    </ClInclude>
    <ClInclude Include="src\pbpch.h" />
    <ClInclude Include="src\PeanutButter\Window.h" />
    <ClInclude Include="src\Platform\SDL2\SDL2Window.h" />
  </ItemGroup>
  <ItemGroup>
    <ClCompile Include="src\PeanutButter\Application.cpp">
      <Filter>PeanutButter</Filter>
    </ClCompile>
    <ClCompile Include="src\PeanutButter\Log.cpp">
      <Filter>PeanutButter</Filter>
    </ClCompile>
    <ClCompile Include="src\pbpch.cpp" />
    <ClCompile Include="src\Platform\SDL2\SDL2Window.cpp" />
  </ItemGroup>
</Project>